// !$*UTF8*$!
{
	archiveVersion = 1;
	classes = {
	};
	objectVersion = 46;
	objects = {

/* Begin PBXBuildFile section */
		65FD99031C37A69B0097D0ED /* AppDelegate.swift in Sources */ = {isa = PBXBuildFile; fileRef = 65FD99021C37A69B0097D0ED /* AppDelegate.swift */; };
		65FD99051C37A69B0097D0ED /* ViewController.swift in Sources */ = {isa = PBXBuildFile; fileRef = 65FD99041C37A69B0097D0ED /* ViewController.swift */; };
		65FD99081C37A69B0097D0ED /* Main.storyboard in Resources */ = {isa = PBXBuildFile; fileRef = 65FD99061C37A69B0097D0ED /* Main.storyboard */; };
		65FD990A1C37A69B0097D0ED /* Assets.xcassets in Resources */ = {isa = PBXBuildFile; fileRef = 65FD99091C37A69B0097D0ED /* Assets.xcassets */; };
		65FD990D1C37A69B0097D0ED /* LaunchScreen.storyboard in Resources */ = {isa = PBXBuildFile; fileRef = 65FD990B1C37A69B0097D0ED /* LaunchScreen.storyboard */; };
/* End PBXBuildFile section */

/* Begin PBXFileReference section */
		65FD98FF1C37A69B0097D0ED /* shake and swipe.app */ = {isa = PBXFileReference; explicitFileType = wrapper.application; includeInIndex = 0; path = "shake and swipe.app"; sourceTree = BUILT_PRODUCTS_DIR; };
		65FD99021C37A69B0097D0ED /* AppDelegate.swift */ = {isa = PBXFileReference; lastKnownFileType = sourcecode.swift; path = AppDelegate.swift; sourceTree = "<group>"; };
		65FD99041C37A69B0097D0ED /* ViewController.swift */ = {isa = PBXFileReference; lastKnownFileType = sourcecode.swift; path = ViewController.swift; sourceTree = "<group>"; };
		65FD99071C37A69B0097D0ED /* Base */ = {isa = PBXFileReference; lastKnownFileType = file.storyboard; name = Base; path = Base.lproj/Main.storyboard; sourceTree = "<group>"; };
		65FD99091C37A69B0097D0ED /* Assets.xcassets */ = {isa = PBXFileReference; lastKnownFileType = folder.assetcatalog; path = Assets.xcassets; sourceTree = "<group>"; };
		65FD990C1C37A69B0097D0ED /* Base */ = {isa = PBXFileReference; lastKnownFileType = file.storyboard; name = Base; path = Base.lproj/LaunchScreen.storyboard; sourceTree = "<group>"; };
		65FD990E1C37A69B0097D0ED /* Info.plist */ = {isa = PBXFileReference; lastKnownFileType = text.plist.xml; path = Info.plist; sourceTree = "<group>"; };
/* End PBXFileReference section */

/* Begin PBXFrameworksBuildPhase section */
		65FD98FC1C37A69B0097D0ED /* Frameworks */ = {
			isa = PBXFrameworksBuildPhase;
			buildActionMask = 2147483647;
			files = (
			);
			runOnlyForDeploymentPostprocessing = 0;
		};
/* End PBXFrameworksBuildPhase section */

/* Begin PBXGroup section */
		65FD98F61C37A69B0097D0ED = {
			isa = PBXGroup;
			children = (
				65FD99011C37A69B0097D0ED /* shake and swipe */,
				65FD99001C37A69B0097D0ED /* Products */,
			);
			sourceTree = "<group>";
		};
		65FD99001C37A69B0097D0ED /* Products */ = {
			isa = PBXGroup;
			children = (
				65FD98FF1C37A69B0097D0ED /* shake and swipe.app */,
			);
			name = Products;
			sourceTree = "<group>";
		};
		65FD99011C37A69B0097D0ED /* shake and swipe */ = {
			isa = PBXGroup;
			children = (
				65FD99021C37A69B0097D0ED /* AppDelegate.swift */,
				65FD99041C37A69B0097D0ED /* ViewController.swift */,
				65FD99061C37A69B0097D0ED /* Main.storyboard */,
				65FD99091C37A69B0097D0ED /* Assets.xcassets */,
				65FD990B1C37A69B0097D0ED /* LaunchScreen.storyboard */,
				65FD990E1C37A69B0097D0ED /* Info.plist */,
			);
			path = "shake and swipe";
			sourceTree = "<group>";
		};
/* End PBXGroup section */

/* Begin PBXNativeTarget section */
		65FD98FE1C37A69B0097D0ED /* shake and swipe */ = {
			isa = PBXNativeTarget;
			buildConfigurationList = 65FD99111C37A69B0097D0ED /* Build configuration list for PBXNativeTarget "shake and swipe" */;
			buildPhases = (
				65FD98FB1C37A69B0097D0ED /* Sources */,
				65FD98FC1C37A69B0097D0ED /* Frameworks */,
				65FD98FD1C37A69B0097D0ED /* Resources */,
			);
			buildRules = (
			);
			dependencies = (
			);
			name = "shake and swipe";
			productName = "shake and swipe";
			productReference = 65FD98FF1C37A69B0097D0ED /* shake and swipe.app */;
			productType = "com.apple.product-type.application";
		};
/* End PBXNativeTarget section */

/* Begin PBXProject section */
		65FD98F71C37A69B0097D0ED /* Project object */ = {
			isa = PBXProject;
			attributes = {
				LastSwiftUpdateCheck = 0720;
				LastUpgradeCheck = 0720;
				ORGANIZATIONNAME = "迫 佑樹";
				TargetAttributes = {
					65FD98FE1C37A69B0097D0ED = {
						CreatedOnToolsVersion = 7.2;
						DevelopmentTeam = 5M8P7CU8H5;
					};
				};
			};
			buildConfigurationList = 65FD98FA1C37A69B0097D0ED /* Build configuration list for PBXProject "shake and swipe" */;
			compatibilityVersion = "Xcode 3.2";
			developmentRegion = English;
			hasScannedForEncodings = 0;
			knownRegions = (
				en,
				Base,
			);
			mainGroup = 65FD98F61C37A69B0097D0ED;
			productRefGroup = 65FD99001C37A69B0097D0ED /* Products */;
			projectDirPath = "";
			projectRoot = "";
			targets = (
				65FD98FE1C37A69B0097D0ED /* shake and swipe */,
			);
		};
/* End PBXProject section */

/* Begin PBXResourcesBuildPhase section */
		65FD98FD1C37A69B0097D0ED /* Resources */ = {
			isa = PBXResourcesBuildPhase;
			buildActionMask = 2147483647;
			files = (
				65FD990D1C37A69B0097D0ED /* LaunchScreen.storyboard in Resources */,
				65FD990A1C37A69B0097D0ED /* Assets.xcassets in Resources */,
				65FD99081C37A69B0097D0ED /* Main.storyboard in Resources */,
			);
			runOnlyForDeploymentPostprocessing = 0;
		};
/* End PBXResourcesBuildPhase section */

/* Begin PBXSourcesBuildPhase section */
		65FD98FB1C37A69B0097D0ED /* Sources */ = {
			isa = PBXSourcesBuildPhase;
			buildActionMask = 2147483647;
			files = (
				65FD99051C37A69B0097D0ED /* ViewController.swift in Sources */,
				65FD99031C37A69B0097D0ED /* AppDelegate.swift in Sources */,
			);
			runOnlyForDeploymentPostprocessing = 0;
		};
/* End PBXSourcesBuildPhase section */

/* Begin PBXVariantGroup section */
		65FD99061C37A69B0097D0ED /* Main.storyboard */ = {
			isa = PBXVariantGroup;
			children = (
				65FD99071C37A69B0097D0ED /* Base */,
			);
			name = Main.storyboard;
			sourceTree = "<group>";
		};
		65FD990B1C37A69B0097D0ED /* LaunchScreen.storyboard */ = {
			isa = PBXVariantGroup;
			children = (
				65FD990C1C37A69B0097D0ED /* Base */,
			);
			name = LaunchScreen.storyboard;
			sourceTree = "<group>";
		};
/* End PBXVariantGroup section */

/* Begin XCBuildConfiguration section */
		65FD990F1C37A69B0097D0ED /* Debug */ = {
			isa = XCBuildConfiguration;
			buildSettings = {
				ALWAYS_SEARCH_USER_PATHS = NO;
				CLANG_CXX_LANGUAGE_STANDARD = "gnu++0x";
				CLANG_CXX_LIBRARY = "libc++";
				CLANG_ENABLE_MODULES = YES;
				CLANG_ENABLE_OBJC_ARC = YES;
				CLANG_WARN_BOOL_CONVERSION = YES;
				CLANG_WARN_CONSTANT_CONVERSION = YES;
				CLANG_WARN_DIRECT_OBJC_ISA_USAGE = YES_ERROR;
				CLANG_WARN_EMPTY_BODY = YES;
				CLANG_WARN_ENUM_CONVERSION = YES;
				CLANG_WARN_INT_CONVERSION = YES;
				CLANG_WARN_OBJC_ROOT_CLASS = YES_ERROR;
				CLANG_WARN_UNREACHABLE_CODE = YES;
				CLANG_WARN__DUPLICATE_METHOD_MATCH = YES;
				"CODE_SIGN_IDENTITY[sdk=iphoneos*]" = "iPhone Developer";
				COPY_PHASE_STRIP = NO;
				DEBUG_INFORMATION_FORMAT = dwarf;
				ENABLE_STRICT_OBJC_MSGSEND = YES;
				ENABLE_TESTABILITY = YES;
				GCC_C_LANGUAGE_STANDARD = gnu99;
				GCC_DYNAMIC_NO_PIC = NO;
				GCC_NO_COMMON_BLOCKS = YES;
				GCC_OPTIMIZATION_LEVEL = 0;
				GCC_PREPROCESSOR_DEFINITIONS = (
					"DEBUG=1",
					"$(inherited)",
				);
				GCC_WARN_64_TO_32_BIT_CONVERSION = YES;
				GCC_WARN_ABOUT_RETURN_TYPE = YES_ERROR;
				GCC_WARN_UNDECLARED_SELECTOR = YES;
				GCC_WARN_UNINITIALIZED_AUTOS = YES_AGGRESSIVE;
				GCC_WARN_UNUSED_FUNCTION = YES;
				GCC_WARN_UNUSED_VARIABLE = YES;
				IPHONEOS_DEPLOYMENT_TARGET = 9.2;
				MTL_ENABLE_DEBUG_INFO = YES;
				ONLY_ACTIVE_ARCH = YES;
				SDKROOT = iphoneos;
				SWIFT_OPTIMIZATION_LEVEL = "-Onone";
			};
			name = Debug;
		};
		65FD99101C37A69B0097D0ED /* Release */ = {
			isa = XCBuildConfiguration;
			buildSettings = {
				ALWAYS_SEARCH_USER_PATHS = NO;
				CLANG_CXX_LANGUAGE_STANDARD = "gnu++0x";
				CLANG_CXX_LIBRARY = "libc++";
				CLANG_ENABLE_MODULES = YES;
				CLANG_ENABLE_OBJC_ARC = YES;
				CLANG_WARN_BOOL_CONVERSION = YES;
				CLANG_WARN_CONSTANT_CONVERSION = YES;
				CLANG_WARN_DIRECT_OBJC_ISA_USAGE = YES_ERROR;
				CLANG_WARN_EMPTY_BODY = YES;
				CLANG_WARN_ENUM_CONVERSION = YES;
				CLANG_WARN_INT_CONVERSION = YES;
				CLANG_WARN_OBJC_ROOT_CLASS = YES_ERROR;
				CLANG_WARN_UNREACHABLE_CODE = YES;
				CLANG_WARN__DUPLICATE_METHOD_MATCH = YES;
				"CODE_SIGN_IDENTITY[sdk=iphoneos*]" = "iPhone Developer";
				COPY_PHASE_STRIP = NO;
				DEBUG_INFORMATION_FORMAT = "dwarf-with-dsym";
				ENABLE_NS_ASSERTIONS = NO;
				ENABLE_STRICT_OBJC_MSGSEND = YES;
				GCC_C_LANGUAGE_STANDARD = gnu99;
				GCC_NO_COMMON_BLOCKS = YES;
				GCC_WARN_64_TO_32_BIT_CONVERSION = YES;
				GCC_WARN_ABOUT_RETURN_TYPE = YES_ERROR;
				GCC_WARN_UNDECLARED_SELECTOR = YES;
				GCC_WARN_UNINITIALIZED_AUTOS = YES_AGGRESSIVE;
				GCC_WARN_UNUSED_FUNCTION = YES;
				GCC_WARN_UNUSED_VARIABLE = YES;
				IPHONEOS_DEPLOYMENT_TARGET = 9.2;
				MTL_ENABLE_DEBUG_INFO = NO;
				SDKROOT = iphoneos;
				VALIDATE_PRODUCT = YES;
			};
			name = Release;
		};
		65FD99121C37A69B0097D0ED /* Debug */ = {
			isa = XCBuildConfiguration;
			buildSettings = {
				ASSETCATALOG_COMPILER_APPICON_NAME = AppIcon;
				INFOPLIST_FILE = "shake and swipe/Info.plist";
				LD_RUNPATH_SEARCH_PATHS = "$(inherited) @executable_path/Frameworks";
				PRODUCT_BUNDLE_IDENTIFIER = "io.github.yukisako.shake-and-swipe";
				PRODUCT_NAME = "$(TARGET_NAME)";
			};
			name = Debug;
		};
		65FD99131C37A69B0097D0ED /* Release */ = {
			isa = XCBuildConfiguration;
			buildSettings = {
				ASSETCATALOG_COMPILER_APPICON_NAME = AppIcon;
				INFOPLIST_FILE = "shake and swipe/Info.plist";
				LD_RUNPATH_SEARCH_PATHS = "$(inherited) @executable_path/Frameworks";
				PRODUCT_BUNDLE_IDENTIFIER = "io.github.yukisako.shake-and-swipe";
				PRODUCT_NAME = "$(TARGET_NAME)";
			};
			name = Release;
		};
/* End XCBuildConfiguration section */

/* Begin XCConfigurationList section */
		65FD98FA1C37A69B0097D0ED /* Build configuration list for PBXProject "shake and swipe" */ = {
			isa = XCConfigurationList;
			buildConfigurations = (
				65FD990F1C37A69B0097D0ED /* Debug */,
				65FD99101C37A69B0097D0ED /* Release */,
			);
			defaultConfigurationIsVisible = 0;
			defaultConfigurationName = Release;
		};
		65FD99111C37A69B0097D0ED /* Build configuration list for PBXNativeTarget "shake and swipe" */ = {
			isa = XCConfigurationList;
			buildConfigurations = (
				65FD99121C37A69B0097D0ED /* Debug */,
				65FD99131C37A69B0097D0ED /* Release */,
			);
			defaultConfigurationIsVisible = 0;
		};
/* End XCConfigurationList section */
	};
	rootObject = 65FD98F71C37A69B0097D0ED /* Project object */;
}
